
Microsoft Visual Studio Solution File, Format Version 12.00
# Visual Studio Version 17
VisualStudioVersion = 17.11.35327.3
MinimumVisualStudioVersion = 10.0.40219.1
Project("{FAE04EC0-301F-11D3-BF4B-00C04F79EFBC}") = "SkyServer", "SkyServer.csproj", "{FCCF5335-E38E-4F95-91A7-5A6B1FCD79B9}"
EndProject
Global
	GlobalSection(SolutionConfigurationPlatforms) = preSolution
		Debug|Any CPU = Debug|Any CPU
		Release|Any CPU = Release|Any CPU
	EndGlobalSection
	GlobalSection(ProjectConfigurationPlatforms) = postSolution
		{FCCF5335-E38E-4F95-91A7-5A6B1FCD79B9}.Debug|Any CPU.ActiveCfg = Debug|Any CPU
		{FCCF5335-E38E-4F95-91A7-5A6B1FCD79B9}.Debug|Any CPU.Build.0 = Debug|Any CPU
		{FCCF5335-E38E-4F95-91A7-5A6B1FCD79B9}.Release|Any CPU.ActiveCfg = Release|Any CPU
		{FCCF5335-E38E-4F95-91A7-5A6B1FCD79B9}.Release|Any CPU.Build.0 = Release|Any CPU
	EndGlobalSection
	GlobalSection(SolutionProperties) = preSolution
		HideSolutionNode = FALSE
	EndGlobalSection
	GlobalSection(ExtensibilityGlobals) = postSolution
		SolutionGuid = {271E3F4B-8CD5-4204-972C-61E02079D4AD}
	EndGlobalSection
EndGlobal
